
Microsoft Visual Studio Solution File, Format Version 12.00
# Visual Studio 15
VisualStudioVersion = 15.0.28010.0
MinimumVisualStudioVersion = 10.0.40219.1
Project("{9A19103F-16F7-4668-BE54-9A1E7A4F7556}") = "Backend", "Backend\Backend.csproj", "{99E24AAB-0A59-430A-9185-17ADAB2E4907}"
EndProject
Project("{9A19103F-16F7-4668-BE54-9A1E7A4F7556}") = "Frontend", "Frontend\Frontend.csproj", "{33D95E4F-20A4-4E75-97D7-C04C5A8401A8}"
EndProject
Global
	GlobalSection(SolutionConfigurationPlatforms) = preSolution
		Debug|Any CPU = Debug|Any CPU
		Release|Any CPU = Release|Any CPU
	EndGlobalSection
	GlobalSection(ProjectConfigurationPlatforms) = postSolution
		{99E24AAB-0A59-430A-9185-17ADAB2E4907}.Debug|Any CPU.ActiveCfg = Debug|Any CPU
		{99E24AAB-0A59-430A-9185-17ADAB2E4907}.Debug|Any CPU.Build.0 = Debug|Any CPU
		{99E24AAB-0A59-430A-9185-17ADAB2E4907}.Release|Any CPU.ActiveCfg = Release|Any CPU
		{99E24AAB-0A59-430A-9185-17ADAB2E4907}.Release|Any CPU.Build.0 = Release|Any CPU
		{33D95E4F-20A4-4E75-97D7-C04C5A8401A8}.Debug|Any CPU.ActiveCfg = Debug|Any CPU
		{33D95E4F-20A4-4E75-97D7-C04C5A8401A8}.Debug|Any CPU.Build.0 = Debug|Any CPU
		{33D95E4F-20A4-4E75-97D7-C04C5A8401A8}.Release|Any CPU.ActiveCfg = Release|Any CPU
		{33D95E4F-20A4-4E75-97D7-C04C5A8401A8}.Release|Any CPU.Build.0 = Release|Any CPU
	EndGlobalSection
	GlobalSection(SolutionProperties) = preSolution
		HideSolutionNode = FALSE
	EndGlobalSection
	GlobalSection(ExtensibilityGlobals) = postSolution
		SolutionGuid = {6FE97F34-B674-4402-80D2-B62B9025F3DD}
	EndGlobalSection
EndGlobal
